
Microsoft Visual Studio Solution File, Format Version 12.00
# Visual Studio 15
VisualStudioVersion = 15.0.27004.2005
MinimumVisualStudioVersion = 10.0.40219.1
Project("{FAE04EC0-301F-11D3-BF4B-00C04F79EFBC}") = "example", "example\example.csproj", "{A2F1CB7A-653D-48E1-90DE-01D33CAF9262}"
EndProject
Global
	GlobalSection(SolutionConfigurationPlatforms) = preSolution
		Debug|Any CPU = Debug|Any CPU
		Release|Any CPU = Release|Any CPU
	EndGlobalSection
	GlobalSection(ProjectConfigurationPlatforms) = postSolution
		{A2F1CB7A-653D-48E1-90DE-01D33CAF9262}.Debug|Any CPU.ActiveCfg = Debug|Any CPU
		{A2F1CB7A-653D-48E1-90DE-01D33CAF9262}.Debug|Any CPU.Build.0 = Debug|Any CPU
		{A2F1CB7A-653D-48E1-90DE-01D33CAF9262}.Release|Any CPU.ActiveCfg = Release|Any CPU
		{A2F1CB7A-653D-48E1-90DE-01D33CAF9262}.Release|Any CPU.Build.0 = Release|Any CPU
	EndGlobalSection
	GlobalSection(SolutionProperties) = preSolution
		HideSolutionNode = FALSE
	EndGlobalSection
	GlobalSection(ExtensibilityGlobals) = postSolution
		SolutionGuid = {25908BCF-77E8-4F3C-BE4F-710FC24FE316}
	EndGlobalSection
EndGlobal
